
Microsoft Visual Studio Solution File, Format Version 12.00
# Visual Studio Version 17
VisualStudioVersion = 17.5.33627.172
MinimumVisualStudioVersion = 10.0.40219.1
Project("{9A19103F-16F7-4668-BE54-9A1E7A4F7556}") = "simpraApi", "simpraApi\simpraApi.csproj", "{543BE016-4206-46A7-8B17-4516687483FC}"
EndProject
Project("{9A19103F-16F7-4668-BE54-9A1E7A4F7556}") = "Entities", "Entities\Entities.csproj", "{0B7A7118-4088-4248-8A1B-6C4FA519CC9C}"
EndProject
Project("{9A19103F-16F7-4668-BE54-9A1E7A4F7556}") = "Repositories", "Repositories\Repositories.csproj", "{9FA9AA8A-C2AF-406D-8E69-8CF76DE68B32}"
EndProject
Project("{9A19103F-16F7-4668-BE54-9A1E7A4F7556}") = "Presentation", "Presentation\Presentation.csproj", "{20196030-071C-4C58-93B7-5770310EC18D}"
EndProject
Global
	GlobalSection(SolutionConfigurationPlatforms) = preSolution
		Debug|Any CPU = Debug|Any CPU
		Release|Any CPU = Release|Any CPU
	EndGlobalSection
	GlobalSection(ProjectConfigurationPlatforms) = postSolution
		{543BE016-4206-46A7-8B17-4516687483FC}.Debug|Any CPU.ActiveCfg = Debug|Any CPU
		{543BE016-4206-46A7-8B17-4516687483FC}.Debug|Any CPU.Build.0 = Debug|Any CPU
		{543BE016-4206-46A7-8B17-4516687483FC}.Release|Any CPU.ActiveCfg = Release|Any CPU
		{543BE016-4206-46A7-8B17-4516687483FC}.Release|Any CPU.Build.0 = Release|Any CPU
		{0B7A7118-4088-4248-8A1B-6C4FA519CC9C}.Debug|Any CPU.ActiveCfg = Debug|Any CPU
		{0B7A7118-4088-4248-8A1B-6C4FA519CC9C}.Debug|Any CPU.Build.0 = Debug|Any CPU
		{0B7A7118-4088-4248-8A1B-6C4FA519CC9C}.Release|Any CPU.ActiveCfg = Release|Any CPU
		{0B7A7118-4088-4248-8A1B-6C4FA519CC9C}.Release|Any CPU.Build.0 = Release|Any CPU
		{9FA9AA8A-C2AF-406D-8E69-8CF76DE68B32}.Debug|Any CPU.ActiveCfg = Debug|Any CPU
		{9FA9AA8A-C2AF-406D-8E69-8CF76DE68B32}.Debug|Any CPU.Build.0 = Debug|Any CPU
		{9FA9AA8A-C2AF-406D-8E69-8CF76DE68B32}.Release|Any CPU.ActiveCfg = Release|Any CPU
		{9FA9AA8A-C2AF-406D-8E69-8CF76DE68B32}.Release|Any CPU.Build.0 = Release|Any CPU
		{20196030-071C-4C58-93B7-5770310EC18D}.Debug|Any CPU.ActiveCfg = Debug|Any CPU
		{20196030-071C-4C58-93B7-5770310EC18D}.Debug|Any CPU.Build.0 = Debug|Any CPU
		{20196030-071C-4C58-93B7-5770310EC18D}.Release|Any CPU.ActiveCfg = Release|Any CPU
		{20196030-071C-4C58-93B7-5770310EC18D}.Release|Any CPU.Build.0 = Release|Any CPU
	EndGlobalSection
	GlobalSection(SolutionProperties) = preSolution
		HideSolutionNode = FALSE
	EndGlobalSection
	GlobalSection(ExtensibilityGlobals) = postSolution
		SolutionGuid = {093456BB-A7E2-447C-A9F2-998532F12796}
	EndGlobalSection
EndGlobal
